
Microsoft Visual Studio Solution File, Format Version 12.00
# Visual Studio Version 17
VisualStudioVersion = 17.6.33829.357
MinimumVisualStudioVersion = 10.0.40219.1
Project("{9A19103F-16F7-4668-BE54-9A1E7A4F7556}") = "MyConstruction", "MyConstruction\MyConstruction.csproj", "{7F342C58-223F-459A-878D-855193D077E6}"
EndProject
Project("{9A19103F-16F7-4668-BE54-9A1E7A4F7556}") = "OctaLib.Plugins.MyConstruction", "OctaLib.Plugins.MyConstruction\OctaLib.Plugins.MyConstruction.csproj", "{F2D628E5-3225-47E1-8507-4C975988FB79}"
EndProject
Project("{00D1A9C2-B5F0-4AF3-8072-F6C62B433612}") = "MYConstruction.Database", "MYConstruction.Database\MYConstruction.Database.sqlproj", "{1DB8BFB4-E44B-4613-8B2A-FC3B8B8DBE49}"
EndProject
Global
	GlobalSection(SolutionConfigurationPlatforms) = preSolution
		Debug|Any CPU = Debug|Any CPU
		Release|Any CPU = Release|Any CPU
	EndGlobalSection
	GlobalSection(ProjectConfigurationPlatforms) = postSolution
		{7F342C58-223F-459A-878D-855193D077E6}.Debug|Any CPU.ActiveCfg = Debug|Any CPU
		{7F342C58-223F-459A-878D-855193D077E6}.Debug|Any CPU.Build.0 = Debug|Any CPU
		{7F342C58-223F-459A-878D-855193D077E6}.Release|Any CPU.ActiveCfg = Release|Any CPU
		{7F342C58-223F-459A-878D-855193D077E6}.Release|Any CPU.Build.0 = Release|Any CPU
		{F2D628E5-3225-47E1-8507-4C975988FB79}.Debug|Any CPU.ActiveCfg = Debug|Any CPU
		{F2D628E5-3225-47E1-8507-4C975988FB79}.Debug|Any CPU.Build.0 = Debug|Any CPU
		{F2D628E5-3225-47E1-8507-4C975988FB79}.Release|Any CPU.ActiveCfg = Release|Any CPU
		{F2D628E5-3225-47E1-8507-4C975988FB79}.Release|Any CPU.Build.0 = Release|Any CPU
		{1DB8BFB4-E44B-4613-8B2A-FC3B8B8DBE49}.Debug|Any CPU.ActiveCfg = Debug|Any CPU
		{1DB8BFB4-E44B-4613-8B2A-FC3B8B8DBE49}.Debug|Any CPU.Build.0 = Debug|Any CPU
		{1DB8BFB4-E44B-4613-8B2A-FC3B8B8DBE49}.Debug|Any CPU.Deploy.0 = Debug|Any CPU
		{1DB8BFB4-E44B-4613-8B2A-FC3B8B8DBE49}.Release|Any CPU.ActiveCfg = Release|Any CPU
		{1DB8BFB4-E44B-4613-8B2A-FC3B8B8DBE49}.Release|Any CPU.Build.0 = Release|Any CPU
		{1DB8BFB4-E44B-4613-8B2A-FC3B8B8DBE49}.Release|Any CPU.Deploy.0 = Release|Any CPU
	EndGlobalSection
	GlobalSection(SolutionProperties) = preSolution
		HideSolutionNode = FALSE
	EndGlobalSection
	GlobalSection(ExtensibilityGlobals) = postSolution
		SolutionGuid = {C95F8753-8F6D-4AEA-A15C-2C02D063F497}
	EndGlobalSection
EndGlobal
